
Microsoft Visual Studio Solution File, Format Version 12.00
# Visual Studio Version 17
VisualStudioVersion = 17.5.002.0
MinimumVisualStudioVersion = 10.0.40219.1
Project("{9A19103F-16F7-4668-BE54-9A1E7A4F7556}") = "ApiEmpresa", "ApiEmpresa.csproj", "{DF576CAA-5C7D-4B35-9D8C-23FDD69BF44F}"
EndProject
Global
	GlobalSection(SolutionConfigurationPlatforms) = preSolution
		Debug|Any CPU = Debug|Any CPU
		Release|Any CPU = Release|Any CPU
	EndGlobalSection
	GlobalSection(ProjectConfigurationPlatforms) = postSolution
		{DF576CAA-5C7D-4B35-9D8C-23FDD69BF44F}.Debug|Any CPU.ActiveCfg = Debug|Any CPU
		{DF576CAA-5C7D-4B35-9D8C-23FDD69BF44F}.Debug|Any CPU.Build.0 = Debug|Any CPU
		{DF576CAA-5C7D-4B35-9D8C-23FDD69BF44F}.Release|Any CPU.ActiveCfg = Release|Any CPU
		{DF576CAA-5C7D-4B35-9D8C-23FDD69BF44F}.Release|Any CPU.Build.0 = Release|Any CPU
	EndGlobalSection
	GlobalSection(SolutionProperties) = preSolution
		HideSolutionNode = FALSE
	EndGlobalSection
	GlobalSection(ExtensibilityGlobals) = postSolution
		SolutionGuid = {C018B154-5201-4DCA-B2B3-3446026A65E1}
	EndGlobalSection
EndGlobal
